// !$*UTF8*$!
{
	archiveVersion = 1;
	classes = {
	};
	objectVersion = 56;
	objects = {

/* Begin PBXBuildFile section */
		835D5E4829C4938900015F19 /* ShoppingCartApp.swift in Sources */ = {isa = PBXBuildFile; fileRef = 835D5E4729C4938900015F19 /* ShoppingCartApp.swift */; };
		835D5E4A29C4938900015F19 /* ShopView.swift in Sources */ = {isa = PBXBuildFile; fileRef = 835D5E4929C4938900015F19 /* ShopView.swift */; };
		835D5E4C29C4938A00015F19 /* Assets.xcassets in Resources */ = {isa = PBXBuildFile; fileRef = 835D5E4B29C4938A00015F19 /* Assets.xcassets */; };
		835D5E4F29C4938A00015F19 /* Preview Assets.xcassets in Resources */ = {isa = PBXBuildFile; fileRef = 835D5E4E29C4938A00015F19 /* Preview Assets.xcassets */; };
		835D5E5F29C4C8CB00015F19 /* CartView.swift in Sources */ = {isa = PBXBuildFile; fileRef = 835D5E5E29C4C8CB00015F19 /* CartView.swift */; };
		835D5E6329C4C8EE00015F19 /* CheckoutSuccess.swift in Sources */ = {isa = PBXBuildFile; fileRef = 835D5E6229C4C8EE00015F19 /* CheckoutSuccess.swift */; };
		835D5E6529C4C90700015F19 /* ShopItem.swift in Sources */ = {isa = PBXBuildFile; fileRef = 835D5E6429C4C90700015F19 /* ShopItem.swift */; };
		835D5E6729C4C92E00015F19 /* CartItem.swift in Sources */ = {isa = PBXBuildFile; fileRef = 835D5E6629C4C92E00015F19 /* CartItem.swift */; };
		835D5E7329C4D53C00015F19 /* CartButton.swift in Sources */ = {isa = PBXBuildFile; fileRef = 835D5E7229C4D53C00015F19 /* CartButton.swift */; };
		835D5E7629C51C2000015F19 /* DetailView.swift in Sources */ = {isa = PBXBuildFile; fileRef = 835D5E7529C51C2000015F19 /* DetailView.swift */; };
		83B7EB7129D5D89F00DAB230 /* CartStore.swift in Sources */ = {isa = PBXBuildFile; fileRef = 83B7EB7029D5D89F00DAB230 /* CartStore.swift */; };
		83C5F63C2AD657CA00AACA79 /* Shopping.xcdatamodeld in Sources */ = {isa = PBXBuildFile; fileRef = 83C5F63A2AD657CA00AACA79 /* Shopping.xcdatamodeld */; };
		83C5F65D2AD69C1A00AACA79 /* PersistenceController.swift in Sources */ = {isa = PBXBuildFile; fileRef = 83C5F65C2AD69C1A00AACA79 /* PersistenceController.swift */; };
/* End PBXBuildFile section */

/* Begin PBXFileReference section */
		835D5E4429C4938900015F19 /* Shopping Cart.app */ = {isa = PBXFileReference; explicitFileType = wrapper.application; includeInIndex = 0; path = "Shopping Cart.app"; sourceTree = BUILT_PRODUCTS_DIR; };
		835D5E4729C4938900015F19 /* ShoppingCartApp.swift */ = {isa = PBXFileReference; lastKnownFileType = sourcecode.swift; path = ShoppingCartApp.swift; sourceTree = "<group>"; };
		835D5E4929C4938900015F19 /* ShopView.swift */ = {isa = PBXFileReference; lastKnownFileType = sourcecode.swift; path = ShopView.swift; sourceTree = "<group>"; };
		835D5E4B29C4938A00015F19 /* Assets.xcassets */ = {isa = PBXFileReference; lastKnownFileType = folder.assetcatalog; path = Assets.xcassets; sourceTree = "<group>"; };
		835D5E4E29C4938A00015F19 /* Preview Assets.xcassets */ = {isa = PBXFileReference; lastKnownFileType = folder.assetcatalog; path = "Preview Assets.xcassets"; sourceTree = "<group>"; };
		835D5E5E29C4C8CB00015F19 /* CartView.swift */ = {isa = PBXFileReference; lastKnownFileType = sourcecode.swift; path = CartView.swift; sourceTree = "<group>"; };
		835D5E6229C4C8EE00015F19 /* CheckoutSuccess.swift */ = {isa = PBXFileReference; lastKnownFileType = sourcecode.swift; path = CheckoutSuccess.swift; sourceTree = "<group>"; };
		835D5E6429C4C90700015F19 /* ShopItem.swift */ = {isa = PBXFileReference; lastKnownFileType = sourcecode.swift; path = ShopItem.swift; sourceTree = "<group>"; };
		835D5E6629C4C92E00015F19 /* CartItem.swift */ = {isa = PBXFileReference; lastKnownFileType = sourcecode.swift; path = CartItem.swift; sourceTree = "<group>"; };
		835D5E7229C4D53C00015F19 /* CartButton.swift */ = {isa = PBXFileReference; lastKnownFileType = sourcecode.swift; path = CartButton.swift; sourceTree = "<group>"; };
		835D5E7529C51C2000015F19 /* DetailView.swift */ = {isa = PBXFileReference; lastKnownFileType = sourcecode.swift; path = DetailView.swift; sourceTree = "<group>"; };
		83B7EB7029D5D89F00DAB230 /* CartStore.swift */ = {isa = PBXFileReference; lastKnownFileType = sourcecode.swift; path = CartStore.swift; sourceTree = "<group>"; };
		83C5F63B2AD657CA00AACA79 /* Shopping.xcdatamodel */ = {isa = PBXFileReference; lastKnownFileType = wrapper.xcdatamodel; path = Shopping.xcdatamodel; sourceTree = "<group>"; };
		83C5F65C2AD69C1A00AACA79 /* PersistenceController.swift */ = {isa = PBXFileReference; lastKnownFileType = sourcecode.swift; path = PersistenceController.swift; sourceTree = "<group>"; };
/* End PBXFileReference section */

/* Begin PBXFrameworksBuildPhase section */
		835D5E4129C4938900015F19 /* Frameworks */ = {
			isa = PBXFrameworksBuildPhase;
			buildActionMask = 2147483647;
			files = (
			);
			runOnlyForDeploymentPostprocessing = 0;
		};
/* End PBXFrameworksBuildPhase section */

/* Begin PBXGroup section */
		835D5E3B29C4938900015F19 = {
			isa = PBXGroup;
			children = (
				835D5E4629C4938900015F19 /* Shopping Cart */,
				835D5E4529C4938900015F19 /* Products */,
			);
			sourceTree = "<group>";
		};
		835D5E4529C4938900015F19 /* Products */ = {
			isa = PBXGroup;
			children = (
				835D5E4429C4938900015F19 /* Shopping Cart.app */,
			);
			name = Products;
			sourceTree = "<group>";
		};
		835D5E4629C4938900015F19 /* Shopping Cart */ = {
			isa = PBXGroup;
			children = (
				835D5E5B29C4957600015F19 /* Store */,
				835D5E5A29C4956A00015F19 /* Resources */,
				835D5E5629C494F500015F19 /* Models */,
				835D5E5529C494E300015F19 /* Views */,
				835D5E4729C4938900015F19 /* ShoppingCartApp.swift */,
				835D5E4D29C4938A00015F19 /* Preview Content */,
			);
			path = "Shopping Cart";
			sourceTree = "<group>";
		};
		835D5E4D29C4938A00015F19 /* Preview Content */ = {
			isa = PBXGroup;
			children = (
				835D5E4E29C4938A00015F19 /* Preview Assets.xcassets */,
			);
			path = "Preview Content";
			sourceTree = "<group>";
		};
		835D5E5529C494E300015F19 /* Views */ = {
			isa = PBXGroup;
			children = (
				835D5E7429C51BF900015F19 /* Detail */,
				835D5E5D29C4966D00015F19 /* Components */,
				835D5E5C29C495FA00015F19 /* Checkout */,
				835D5E5829C4952B00015F19 /* Cart */,
				835D5E5729C4952100015F19 /* Shop */,
			);
			path = Views;
			sourceTree = "<group>";
		};
		835D5E5629C494F500015F19 /* Models */ = {
			isa = PBXGroup;
			children = (
			);
			path = Models;
			sourceTree = "<group>";
		};
		835D5E5729C4952100015F19 /* Shop */ = {
			isa = PBXGroup;
			children = (
				835D5E4929C4938900015F19 /* ShopView.swift */,
			);
			path = Shop;
			sourceTree = "<group>";
		};
		835D5E5829C4952B00015F19 /* Cart */ = {
			isa = PBXGroup;
			children = (
				835D5E5E29C4C8CB00015F19 /* CartView.swift */,
			);
			path = Cart;
			sourceTree = "<group>";
		};
		835D5E5A29C4956A00015F19 /* Resources */ = {
			isa = PBXGroup;
			children = (
				835D5E4B29C4938A00015F19 /* Assets.xcassets */,
			);
			path = Resources;
			sourceTree = "<group>";
		};
		835D5E5B29C4957600015F19 /* Store */ = {
			isa = PBXGroup;
			children = (
				83B7EB7029D5D89F00DAB230 /* CartStore.swift */,
				83C5F63A2AD657CA00AACA79 /* Shopping.xcdatamodeld */,
				83C5F65C2AD69C1A00AACA79 /* PersistenceController.swift */,
			);
			path = Store;
			sourceTree = "<group>";
		};
		835D5E5C29C495FA00015F19 /* Checkout */ = {
			isa = PBXGroup;
			children = (
				835D5E6229C4C8EE00015F19 /* CheckoutSuccess.swift */,
			);
			path = Checkout;
			sourceTree = "<group>";
		};
		835D5E5D29C4966D00015F19 /* Components */ = {
			isa = PBXGroup;
			children = (
				835D5E6429C4C90700015F19 /* ShopItem.swift */,
				835D5E6629C4C92E00015F19 /* CartItem.swift */,
				835D5E7229C4D53C00015F19 /* CartButton.swift */,
			);
			path = Components;
			sourceTree = "<group>";
		};
		835D5E7429C51BF900015F19 /* Detail */ = {
			isa = PBXGroup;
			children = (
				835D5E7529C51C2000015F19 /* DetailView.swift */,
			);
			path = Detail;
			sourceTree = "<group>";
		};
/* End PBXGroup section */

/* Begin PBXNativeTarget section */
		835D5E4329C4938900015F19 /* Shopping Cart */ = {
			isa = PBXNativeTarget;
			buildConfigurationList = 835D5E5229C4938A00015F19 /* Build configuration list for PBXNativeTarget "Shopping Cart" */;
			buildPhases = (
				835D5E4029C4938900015F19 /* Sources */,
				835D5E4129C4938900015F19 /* Frameworks */,
				835D5E4229C4938900015F19 /* Resources */,
			);
			buildRules = (
			);
			dependencies = (
			);
			name = "Shopping Cart";
			productName = "Shopping Cart";
			productReference = 835D5E4429C4938900015F19 /* Shopping Cart.app */;
			productType = "com.apple.product-type.application";
		};
/* End PBXNativeTarget section */

/* Begin PBXProject section */
		835D5E3C29C4938900015F19 /* Project object */ = {
			isa = PBXProject;
			attributes = {
				BuildIndependentTargetsInParallel = 1;
				LastSwiftUpdateCheck = 1420;
				LastUpgradeCheck = 1500;
				TargetAttributes = {
					835D5E4329C4938900015F19 = {
						CreatedOnToolsVersion = 14.2;
					};
				};
			};
			buildConfigurationList = 835D5E3F29C4938900015F19 /* Build configuration list for PBXProject "Shopping Cart" */;
			compatibilityVersion = "Xcode 14.0";
			developmentRegion = en;
			hasScannedForEncodings = 0;
			knownRegions = (
				en,
				Base,
			);
			mainGroup = 835D5E3B29C4938900015F19;
			productRefGroup = 835D5E4529C4938900015F19 /* Products */;
			projectDirPath = "";
			projectRoot = "";
			targets = (
				835D5E4329C4938900015F19 /* Shopping Cart */,
			);
		};
/* End PBXProject section */

/* Begin PBXResourcesBuildPhase section */
		835D5E4229C4938900015F19 /* Resources */ = {
			isa = PBXResourcesBuildPhase;
			buildActionMask = 2147483647;
			files = (
				835D5E4F29C4938A00015F19 /* Preview Assets.xcassets in Resources */,
				835D5E4C29C4938A00015F19 /* Assets.xcassets in Resources */,
			);
			runOnlyForDeploymentPostprocessing = 0;
		};
/* End PBXResourcesBuildPhase section */

/* Begin PBXSourcesBuildPhase section */
		835D5E4029C4938900015F19 /* Sources */ = {
			isa = PBXSourcesBuildPhase;
			buildActionMask = 2147483647;
			files = (
				835D5E6529C4C90700015F19 /* ShopItem.swift in Sources */,
				83C5F65D2AD69C1A00AACA79 /* PersistenceController.swift in Sources */,
				835D5E7329C4D53C00015F19 /* CartButton.swift in Sources */,
				83B7EB7129D5D89F00DAB230 /* CartStore.swift in Sources */,
				835D5E5F29C4C8CB00015F19 /* CartView.swift in Sources */,
				835D5E7629C51C2000015F19 /* DetailView.swift in Sources */,
				835D5E6329C4C8EE00015F19 /* CheckoutSuccess.swift in Sources */,
				83C5F63C2AD657CA00AACA79 /* Shopping.xcdatamodeld in Sources */,
				835D5E4A29C4938900015F19 /* ShopView.swift in Sources */,
				835D5E4829C4938900015F19 /* ShoppingCartApp.swift in Sources */,
				835D5E6729C4C92E00015F19 /* CartItem.swift in Sources */,
			);
			runOnlyForDeploymentPostprocessing = 0;
		};
/* End PBXSourcesBuildPhase section */

/* Begin XCBuildConfiguration section */
		835D5E5029C4938A00015F19 /* Debug */ = {
			isa = XCBuildConfiguration;
			buildSettings = {
				ALWAYS_SEARCH_USER_PATHS = NO;
				CLANG_ANALYZER_NONNULL = YES;
				CLANG_ANALYZER_NUMBER_OBJECT_CONVERSION = YES_AGGRESSIVE;
				CLANG_CXX_LANGUAGE_STANDARD = "gnu++20";
				CLANG_ENABLE_MODULES = YES;
				CLANG_ENABLE_OBJC_ARC = YES;
				CLANG_ENABLE_OBJC_WEAK = YES;
				CLANG_WARN_BLOCK_CAPTURE_AUTORELEASING = YES;
				CLANG_WARN_BOOL_CONVERSION = YES;
				CLANG_WARN_COMMA = YES;
				CLANG_WARN_CONSTANT_CONVERSION = YES;
				CLANG_WARN_DEPRECATED_OBJC_IMPLEMENTATIONS = YES;
				CLANG_WARN_DIRECT_OBJC_ISA_USAGE = YES_ERROR;
				CLANG_WARN_DOCUMENTATION_COMMENTS = YES;
				CLANG_WARN_EMPTY_BODY = YES;
				CLANG_WARN_ENUM_CONVERSION = YES;
				CLANG_WARN_INFINITE_RECURSION = YES;
				CLANG_WARN_INT_CONVERSION = YES;
				CLANG_WARN_NON_LITERAL_NULL_CONVERSION = YES;
				CLANG_WARN_OBJC_IMPLICIT_RETAIN_SELF = YES;
				CLANG_WARN_OBJC_LITERAL_CONVERSION = YES;
				CLANG_WARN_OBJC_ROOT_CLASS = YES_ERROR;
				CLANG_WARN_QUOTED_INCLUDE_IN_FRAMEWORK_HEADER = YES;
				CLANG_WARN_RANGE_LOOP_ANALYSIS = YES;
				CLANG_WARN_STRICT_PROTOTYPES = YES;
				CLANG_WARN_SUSPICIOUS_MOVE = YES;
				CLANG_WARN_UNGUARDED_AVAILABILITY = YES_AGGRESSIVE;
				CLANG_WARN_UNREACHABLE_CODE = YES;
				CLANG_WARN__DUPLICATE_METHOD_MATCH = YES;
				COPY_PHASE_STRIP = NO;
				DEBUG_INFORMATION_FORMAT = dwarf;
				ENABLE_STRICT_OBJC_MSGSEND = YES;
				ENABLE_TESTABILITY = YES;
				ENABLE_USER_SCRIPT_SANDBOXING = YES;
				GCC_C_LANGUAGE_STANDARD = gnu11;
				GCC_DYNAMIC_NO_PIC = NO;
				GCC_NO_COMMON_BLOCKS = YES;
				GCC_OPTIMIZATION_LEVEL = 0;
				GCC_PREPROCESSOR_DEFINITIONS = (
					"DEBUG=1",
					"$(inherited)",
				);
				GCC_WARN_64_TO_32_BIT_CONVERSION = YES;
				GCC_WARN_ABOUT_RETURN_TYPE = YES_ERROR;
				GCC_WARN_UNDECLARED_SELECTOR = YES;
				GCC_WARN_UNINITIALIZED_AUTOS = YES_AGGRESSIVE;
				GCC_WARN_UNUSED_FUNCTION = YES;
				GCC_WARN_UNUSED_VARIABLE = YES;
				IPHONEOS_DEPLOYMENT_TARGET = 15.0;
				MTL_ENABLE_DEBUG_INFO = INCLUDE_SOURCE;
				MTL_FAST_MATH = YES;
				ONLY_ACTIVE_ARCH = YES;
				SDKROOT = iphoneos;
				SWIFT_ACTIVE_COMPILATION_CONDITIONS = DEBUG;
				SWIFT_OPTIMIZATION_LEVEL = "-Onone";
			};
			name = Debug;
		};
		835D5E5129C4938A00015F19 /* Release */ = {
			isa = XCBuildConfiguration;
			buildSettings = {
				ALWAYS_SEARCH_USER_PATHS = NO;
				CLANG_ANALYZER_NONNULL = YES;
				CLANG_ANALYZER_NUMBER_OBJECT_CONVERSION = YES_AGGRESSIVE;
				CLANG_CXX_LANGUAGE_STANDARD = "gnu++20";
				CLANG_ENABLE_MODULES = YES;
				CLANG_ENABLE_OBJC_ARC = YES;
				CLANG_ENABLE_OBJC_WEAK = YES;
				CLANG_WARN_BLOCK_CAPTURE_AUTORELEASING = YES;
				CLANG_WARN_BOOL_CONVERSION = YES;
				CLANG_WARN_COMMA = YES;
				CLANG_WARN_CONSTANT_CONVERSION = YES;
				CLANG_WARN_DEPRECATED_OBJC_IMPLEMENTATIONS = YES;
				CLANG_WARN_DIRECT_OBJC_ISA_USAGE = YES_ERROR;
				CLANG_WARN_DOCUMENTATION_COMMENTS = YES;
				CLANG_WARN_EMPTY_BODY = YES;
				CLANG_WARN_ENUM_CONVERSION = YES;
				CLANG_WARN_INFINITE_RECURSION = YES;
				CLANG_WARN_INT_CONVERSION = YES;
				CLANG_WARN_NON_LITERAL_NULL_CONVERSION = YES;
				CLANG_WARN_OBJC_IMPLICIT_RETAIN_SELF = YES;
				CLANG_WARN_OBJC_LITERAL_CONVERSION = YES;
				CLANG_WARN_OBJC_ROOT_CLASS = YES_ERROR;
				CLANG_WARN_QUOTED_INCLUDE_IN_FRAMEWORK_HEADER = YES;
				CLANG_WARN_RANGE_LOOP_ANALYSIS = YES;
				CLANG_WARN_STRICT_PROTOTYPES = YES;
				CLANG_WARN_SUSPICIOUS_MOVE = YES;
				CLANG_WARN_UNGUARDED_AVAILABILITY = YES_AGGRESSIVE;
				CLANG_WARN_UNREACHABLE_CODE = YES;
				CLANG_WARN__DUPLICATE_METHOD_MATCH = YES;
				COPY_PHASE_STRIP = NO;
				DEBUG_INFORMATION_FORMAT = "dwarf-with-dsym";
				ENABLE_NS_ASSERTIONS = NO;
				ENABLE_STRICT_OBJC_MSGSEND = YES;
				ENABLE_USER_SCRIPT_SANDBOXING = YES;
				GCC_C_LANGUAGE_STANDARD = gnu11;
				GCC_NO_COMMON_BLOCKS = YES;
				GCC_WARN_64_TO_32_BIT_CONVERSION = YES;
				GCC_WARN_ABOUT_RETURN_TYPE = YES_ERROR;
				GCC_WARN_UNDECLARED_SELECTOR = YES;
				GCC_WARN_UNINITIALIZED_AUTOS = YES_AGGRESSIVE;
				GCC_WARN_UNUSED_FUNCTION = YES;
				GCC_WARN_UNUSED_VARIABLE = YES;
				IPHONEOS_DEPLOYMENT_TARGET = 15.0;
				MTL_ENABLE_DEBUG_INFO = NO;
				MTL_FAST_MATH = YES;
				SDKROOT = iphoneos;
				SWIFT_COMPILATION_MODE = wholemodule;
				SWIFT_OPTIMIZATION_LEVEL = "-O";
				VALIDATE_PRODUCT = YES;
			};
			name = Release;
		};
		835D5E5329C4938A00015F19 /* Debug */ = {
			isa = XCBuildConfiguration;
			buildSettings = {
				ASSETCATALOG_COMPILER_APPICON_NAME = AppIcon;
				ASSETCATALOG_COMPILER_GLOBAL_ACCENT_COLOR_NAME = AccentColor;
				CODE_SIGN_STYLE = Automatic;
				CURRENT_PROJECT_VERSION = 1;
				DEVELOPMENT_ASSET_PATHS = "\"Shopping Cart/Preview Content\"";
				DEVELOPMENT_TEAM = Q4B4MYV5B5;
				ENABLE_PREVIEWS = YES;
				GENERATE_INFOPLIST_FILE = YES;
				INFOPLIST_KEY_CFBundleDisplayName = "Shopping Cart";
				INFOPLIST_KEY_LSApplicationCategoryType = "public.app-category.shopping";
				INFOPLIST_KEY_UIApplicationSceneManifest_Generation = YES;
				INFOPLIST_KEY_UIApplicationSupportsIndirectInputEvents = YES;
				INFOPLIST_KEY_UILaunchScreen_Generation = YES;
				INFOPLIST_KEY_UISupportedInterfaceOrientations_iPad = "UIInterfaceOrientationPortrait UIInterfaceOrientationPortraitUpsideDown UIInterfaceOrientationLandscapeLeft UIInterfaceOrientationLandscapeRight";
				INFOPLIST_KEY_UISupportedInterfaceOrientations_iPhone = "UIInterfaceOrientationPortrait UIInterfaceOrientationLandscapeLeft UIInterfaceOrientationLandscapeRight";
				IPHONEOS_DEPLOYMENT_TARGET = 15.0;
				LD_RUNPATH_SEARCH_PATHS = (
					"$(inherited)",
					"@executable_path/Frameworks",
				);
				MARKETING_VERSION = 1.0;
				PRODUCT_BUNDLE_IDENTIFIER = "me.tbandawa.ios.shoppingcart.Shopping-Cart";
				PRODUCT_NAME = "$(TARGET_NAME)";
				SWIFT_EMIT_LOC_STRINGS = YES;
				SWIFT_VERSION = 5.0;
				TARGETED_DEVICE_FAMILY = "1,2";
			};
			name = Debug;
		};
		835D5E5429C4938A00015F19 /* Release */ = {
			isa = XCBuildConfiguration;
			buildSettings = {
				ASSETCATALOG_COMPILER_APPICON_NAME = AppIcon;
				ASSETCATALOG_COMPILER_GLOBAL_ACCENT_COLOR_NAME = AccentColor;
				CODE_SIGN_STYLE = Automatic;
				CURRENT_PROJECT_VERSION = 1;
				DEVELOPMENT_ASSET_PATHS = "\"Shopping Cart/Preview Content\"";
				DEVELOPMENT_TEAM = Q4B4MYV5B5;
				ENABLE_PREVIEWS = YES;
				GENERATE_INFOPLIST_FILE = YES;
				INFOPLIST_KEY_CFBundleDisplayName = "Shopping Cart";
				INFOPLIST_KEY_LSApplicationCategoryType = "public.app-category.shopping";
				INFOPLIST_KEY_UIApplicationSceneManifest_Generation = YES;
				INFOPLIST_KEY_UIApplicationSupportsIndirectInputEvents = YES;
				INFOPLIST_KEY_UILaunchScreen_Generation = YES;
				INFOPLIST_KEY_UISupportedInterfaceOrientations_iPad = "UIInterfaceOrientationPortrait UIInterfaceOrientationPortraitUpsideDown UIInterfaceOrientationLandscapeLeft UIInterfaceOrientationLandscapeRight";
				INFOPLIST_KEY_UISupportedInterfaceOrientations_iPhone = "UIInterfaceOrientationPortrait UIInterfaceOrientationLandscapeLeft UIInterfaceOrientationLandscapeRight";
				IPHONEOS_DEPLOYMENT_TARGET = 15.0;
				LD_RUNPATH_SEARCH_PATHS = (
					"$(inherited)",
					"@executable_path/Frameworks",
				);
				MARKETING_VERSION = 1.0;
				PRODUCT_BUNDLE_IDENTIFIER = "me.tbandawa.ios.shoppingcart.Shopping-Cart";
				PRODUCT_NAME = "$(TARGET_NAME)";
				SWIFT_EMIT_LOC_STRINGS = YES;
				SWIFT_VERSION = 5.0;
				TARGETED_DEVICE_FAMILY = "1,2";
			};
			name = Release;
		};
/* End XCBuildConfiguration section */

/* Begin XCConfigurationList section */
		835D5E3F29C4938900015F19 /* Build configuration list for PBXProject "Shopping Cart" */ = {
			isa = XCConfigurationList;
			buildConfigurations = (
				835D5E5029C4938A00015F19 /* Debug */,
				835D5E5129C4938A00015F19 /* Release */,
			);
			defaultConfigurationIsVisible = 0;
			defaultConfigurationName = Release;
		};
		835D5E5229C4938A00015F19 /* Build configuration list for PBXNativeTarget "Shopping Cart" */ = {
			isa = XCConfigurationList;
			buildConfigurations = (
				835D5E5329C4938A00015F19 /* Debug */,
				835D5E5429C4938A00015F19 /* Release */,
			);
			defaultConfigurationIsVisible = 0;
			defaultConfigurationName = Release;
		};
/* End XCConfigurationList section */

/* Begin XCVersionGroup section */
		83C5F63A2AD657CA00AACA79 /* Shopping.xcdatamodeld */ = {
			isa = XCVersionGroup;
			children = (
				83C5F63B2AD657CA00AACA79 /* Shopping.xcdatamodel */,
			);
			currentVersion = 83C5F63B2AD657CA00AACA79 /* Shopping.xcdatamodel */;
			path = Shopping.xcdatamodeld;
			sourceTree = "<group>";
			versionGroupType = wrapper.xcdatamodel;
		};
/* End XCVersionGroup section */
	};
	rootObject = 835D5E3C29C4938900015F19 /* Project object */;
}
